// !$*UTF8*$!
{
	archiveVersion = 1;
	classes = {
	};
	objectVersion = 56;
	objects = {

/* Begin PBXBuildFile section */
		69106B212B8CD4AC00C8D964 /* SortingAlgo.swift in Sources */ = {isa = PBXBuildFile; fileRef = 69106B202B8CD4AC00C8D964 /* SortingAlgo.swift */; };
		69106B272B8CD79700C8D964 /* LinkedLists.swift in Sources */ = {isa = PBXBuildFile; fileRef = 69106B232B8CD79700C8D964 /* LinkedLists.swift */; };
		69106B282B8CD79700C8D964 /* Arrays.swift in Sources */ = {isa = PBXBuildFile; fileRef = 69106B242B8CD79700C8D964 /* Arrays.swift */; };
		69106B292B8CD79700C8D964 /* Queues.swift in Sources */ = {isa = PBXBuildFile; fileRef = 69106B252B8CD79700C8D964 /* Queues.swift */; };
		69106B2A2B8CD79700C8D964 /* Stacks.swift in Sources */ = {isa = PBXBuildFile; fileRef = 69106B262B8CD79700C8D964 /* Stacks.swift */; };
		69203D012B8D1F7700D20E55 /* StackView.swift in Sources */ = {isa = PBXBuildFile; fileRef = 69203D002B8D1F7700D20E55 /* StackView.swift */; };
		69203D032B8D1FBF00D20E55 /* LinkedListView.swift in Sources */ = {isa = PBXBuildFile; fileRef = 69203D022B8D1FBF00D20E55 /* LinkedListView.swift */; };
		69203D052B8D202900D20E55 /* SearchView.swift in Sources */ = {isa = PBXBuildFile; fileRef = 69203D042B8D202900D20E55 /* SearchView.swift */; };
		69203D072B8D220E00D20E55 /* QueueView.swift in Sources */ = {isa = PBXBuildFile; fileRef = 69203D062B8D220E00D20E55 /* QueueView.swift */; };
		69203D092B8D221D00D20E55 /* SortView.swift in Sources */ = {isa = PBXBuildFile; fileRef = 69203D082B8D221D00D20E55 /* SortView.swift */; };
		69203D0B2B8D228900D20E55 /* ArrayViews.swift in Sources */ = {isa = PBXBuildFile; fileRef = 69203D0A2B8D228900D20E55 /* ArrayViews.swift */; };
		69DF28A92B557C270022B890 /* DataStructuresApp.swift in Sources */ = {isa = PBXBuildFile; fileRef = 69DF28A82B557C270022B890 /* DataStructuresApp.swift */; };
		69DF28AB2B557C270022B890 /* ContentView.swift in Sources */ = {isa = PBXBuildFile; fileRef = 69DF28AA2B557C270022B890 /* ContentView.swift */; };
		69DF28AD2B557C280022B890 /* Assets.xcassets in Resources */ = {isa = PBXBuildFile; fileRef = 69DF28AC2B557C280022B890 /* Assets.xcassets */; };
		69DF28B02B557C280022B890 /* Preview Assets.xcassets in Resources */ = {isa = PBXBuildFile; fileRef = 69DF28AF2B557C280022B890 /* Preview Assets.xcassets */; };
		69DF28B22B557C280022B890 /* Persistence.swift in Sources */ = {isa = PBXBuildFile; fileRef = 69DF28B12B557C280022B890 /* Persistence.swift */; };
		69DF28B52B557C280022B890 /* DataStructures.xcdatamodeld in Sources */ = {isa = PBXBuildFile; fileRef = 69DF28B32B557C280022B890 /* DataStructures.xcdatamodeld */; };
		69DF28BD2B558CEA0022B890 /* SearchingAlgo.swift in Sources */ = {isa = PBXBuildFile; fileRef = 69DF28BC2B558CEA0022B890 /* SearchingAlgo.swift */; };
/* End PBXBuildFile section */

/* Begin PBXFileReference section */
		69106B202B8CD4AC00C8D964 /* SortingAlgo.swift */ = {isa = PBXFileReference; lastKnownFileType = sourcecode.swift; path = SortingAlgo.swift; sourceTree = "<group>"; };
		69106B232B8CD79700C8D964 /* LinkedLists.swift */ = {isa = PBXFileReference; fileEncoding = 4; lastKnownFileType = sourcecode.swift; path = LinkedLists.swift; sourceTree = "<group>"; };
		69106B242B8CD79700C8D964 /* Arrays.swift */ = {isa = PBXFileReference; fileEncoding = 4; lastKnownFileType = sourcecode.swift; path = Arrays.swift; sourceTree = "<group>"; };
		69106B252B8CD79700C8D964 /* Queues.swift */ = {isa = PBXFileReference; fileEncoding = 4; lastKnownFileType = sourcecode.swift; path = Queues.swift; sourceTree = "<group>"; };
		69106B262B8CD79700C8D964 /* Stacks.swift */ = {isa = PBXFileReference; fileEncoding = 4; lastKnownFileType = sourcecode.swift; path = Stacks.swift; sourceTree = "<group>"; };
		69203D002B8D1F7700D20E55 /* StackView.swift */ = {isa = PBXFileReference; lastKnownFileType = sourcecode.swift; path = StackView.swift; sourceTree = "<group>"; };
		69203D022B8D1FBF00D20E55 /* LinkedListView.swift */ = {isa = PBXFileReference; lastKnownFileType = sourcecode.swift; path = LinkedListView.swift; sourceTree = "<group>"; };
		69203D042B8D202900D20E55 /* SearchView.swift */ = {isa = PBXFileReference; lastKnownFileType = sourcecode.swift; path = SearchView.swift; sourceTree = "<group>"; };
		69203D062B8D220E00D20E55 /* QueueView.swift */ = {isa = PBXFileReference; lastKnownFileType = sourcecode.swift; path = QueueView.swift; sourceTree = "<group>"; };
		69203D082B8D221D00D20E55 /* SortView.swift */ = {isa = PBXFileReference; lastKnownFileType = sourcecode.swift; path = SortView.swift; sourceTree = "<group>"; };
		69203D0A2B8D228900D20E55 /* ArrayViews.swift */ = {isa = PBXFileReference; lastKnownFileType = sourcecode.swift; path = ArrayViews.swift; sourceTree = "<group>"; };
		69DF28A52B557C270022B890 /* DataStructures.app */ = {isa = PBXFileReference; explicitFileType = wrapper.application; includeInIndex = 0; path = DataStructures.app; sourceTree = BUILT_PRODUCTS_DIR; };
		69DF28A82B557C270022B890 /* DataStructuresApp.swift */ = {isa = PBXFileReference; lastKnownFileType = sourcecode.swift; path = DataStructuresApp.swift; sourceTree = "<group>"; };
		69DF28AA2B557C270022B890 /* ContentView.swift */ = {isa = PBXFileReference; lastKnownFileType = sourcecode.swift; path = ContentView.swift; sourceTree = "<group>"; };
		69DF28AC2B557C280022B890 /* Assets.xcassets */ = {isa = PBXFileReference; lastKnownFileType = folder.assetcatalog; path = Assets.xcassets; sourceTree = "<group>"; };
		69DF28AF2B557C280022B890 /* Preview Assets.xcassets */ = {isa = PBXFileReference; lastKnownFileType = folder.assetcatalog; path = "Preview Assets.xcassets"; sourceTree = "<group>"; };
		69DF28B12B557C280022B890 /* Persistence.swift */ = {isa = PBXFileReference; lastKnownFileType = sourcecode.swift; path = Persistence.swift; sourceTree = "<group>"; };
		69DF28B42B557C280022B890 /* DataStructures.xcdatamodel */ = {isa = PBXFileReference; lastKnownFileType = wrapper.xcdatamodel; path = DataStructures.xcdatamodel; sourceTree = "<group>"; };
		69DF28BC2B558CEA0022B890 /* SearchingAlgo.swift */ = {isa = PBXFileReference; lastKnownFileType = sourcecode.swift; path = SearchingAlgo.swift; sourceTree = "<group>"; };
/* End PBXFileReference section */

/* Begin PBXFrameworksBuildPhase section */
		69DF28A22B557C270022B890 /* Frameworks */ = {
			isa = PBXFrameworksBuildPhase;
			buildActionMask = 2147483647;
			files = (
			);
			runOnlyForDeploymentPostprocessing = 0;
		};
/* End PBXFrameworksBuildPhase section */

/* Begin PBXGroup section */
		69106B222B8CD77600C8D964 /* Data Structures */ = {
			isa = PBXGroup;
			children = (
				69106B242B8CD79700C8D964 /* Arrays.swift */,
				69106B232B8CD79700C8D964 /* LinkedLists.swift */,
				69106B252B8CD79700C8D964 /* Queues.swift */,
				69106B262B8CD79700C8D964 /* Stacks.swift */,
			);
			path = "Data Structures";
			sourceTree = "<group>";
		};
		69203CFF2B8D1F6600D20E55 /* Views */ = {
			isa = PBXGroup;
			children = (
				69203D0A2B8D228900D20E55 /* ArrayViews.swift */,
				69203D002B8D1F7700D20E55 /* StackView.swift */,
				69203D022B8D1FBF00D20E55 /* LinkedListView.swift */,
				69203D042B8D202900D20E55 /* SearchView.swift */,
				69203D062B8D220E00D20E55 /* QueueView.swift */,
				69203D082B8D221D00D20E55 /* SortView.swift */,
			);
			path = Views;
			sourceTree = "<group>";
		};
		69DF289C2B557C260022B890 = {
			isa = PBXGroup;
			children = (
				69DF28A72B557C270022B890 /* DataStructures */,
				69DF28A62B557C270022B890 /* Products */,
			);
			sourceTree = "<group>";
		};
		69DF28A62B557C270022B890 /* Products */ = {
			isa = PBXGroup;
			children = (
				69DF28A52B557C270022B890 /* DataStructures.app */,
			);
			name = Products;
			sourceTree = "<group>";
		};
		69DF28A72B557C270022B890 /* DataStructures */ = {
			isa = PBXGroup;
			children = (
				69203CFF2B8D1F6600D20E55 /* Views */,
				69106B222B8CD77600C8D964 /* Data Structures */,
				69DF28BB2B558CC20022B890 /* Algorithms */,
				69DF28A82B557C270022B890 /* DataStructuresApp.swift */,
				69DF28AA2B557C270022B890 /* ContentView.swift */,
				69DF28AC2B557C280022B890 /* Assets.xcassets */,
				69DF28B12B557C280022B890 /* Persistence.swift */,
				69DF28B32B557C280022B890 /* DataStructures.xcdatamodeld */,
				69DF28AE2B557C280022B890 /* Preview Content */,
			);
			path = DataStructures;
			sourceTree = "<group>";
		};
		69DF28AE2B557C280022B890 /* Preview Content */ = {
			isa = PBXGroup;
			children = (
				69DF28AF2B557C280022B890 /* Preview Assets.xcassets */,
			);
			path = "Preview Content";
			sourceTree = "<group>";
		};
		69DF28BB2B558CC20022B890 /* Algorithms */ = {
			isa = PBXGroup;
			children = (
				69DF28BC2B558CEA0022B890 /* SearchingAlgo.swift */,
				69106B202B8CD4AC00C8D964 /* SortingAlgo.swift */,
			);
			path = Algorithms;
			sourceTree = "<group>";
		};
/* End PBXGroup section */

/* Begin PBXNativeTarget section */
		69DF28A42B557C270022B890 /* DataStructures */ = {
			isa = PBXNativeTarget;
			buildConfigurationList = 69DF28B82B557C280022B890 /* Build configuration list for PBXNativeTarget "DataStructures" */;
			buildPhases = (
				69DF28A12B557C270022B890 /* Sources */,
				69DF28A22B557C270022B890 /* Frameworks */,
				69DF28A32B557C270022B890 /* Resources */,
			);
			buildRules = (
			);
			dependencies = (
			);
			name = DataStructures;
			productName = DataStructures;
			productReference = 69DF28A52B557C270022B890 /* DataStructures.app */;
			productType = "com.apple.product-type.application";
		};
/* End PBXNativeTarget section */

/* Begin PBXProject section */
		69DF289D2B557C260022B890 /* Project object */ = {
			isa = PBXProject;
			attributes = {
				BuildIndependentTargetsInParallel = 1;
				LastSwiftUpdateCheck = 1420;
				LastUpgradeCheck = 1420;
				TargetAttributes = {
					69DF28A42B557C270022B890 = {
						CreatedOnToolsVersion = 14.2;
					};
				};
			};
			buildConfigurationList = 69DF28A02B557C260022B890 /* Build configuration list for PBXProject "DataStructures" */;
			compatibilityVersion = "Xcode 14.0";
			developmentRegion = en;
			hasScannedForEncodings = 0;
			knownRegions = (
				en,
				Base,
			);
			mainGroup = 69DF289C2B557C260022B890;
			productRefGroup = 69DF28A62B557C270022B890 /* Products */;
			projectDirPath = "";
			projectRoot = "";
			targets = (
				69DF28A42B557C270022B890 /* DataStructures */,
			);
		};
/* End PBXProject section */

/* Begin PBXResourcesBuildPhase section */
		69DF28A32B557C270022B890 /* Resources */ = {
			isa = PBXResourcesBuildPhase;
			buildActionMask = 2147483647;
			files = (
				69DF28B02B557C280022B890 /* Preview Assets.xcassets in Resources */,
				69DF28AD2B557C280022B890 /* Assets.xcassets in Resources */,
			);
			runOnlyForDeploymentPostprocessing = 0;
		};
/* End PBXResourcesBuildPhase section */

/* Begin PBXSourcesBuildPhase section */
		69DF28A12B557C270022B890 /* Sources */ = {
			isa = PBXSourcesBuildPhase;
			buildActionMask = 2147483647;
			files = (
				69106B2A2B8CD79700C8D964 /* Stacks.swift in Sources */,
				69203D012B8D1F7700D20E55 /* StackView.swift in Sources */,
				69DF28BD2B558CEA0022B890 /* SearchingAlgo.swift in Sources */,
				69106B292B8CD79700C8D964 /* Queues.swift in Sources */,
				69106B282B8CD79700C8D964 /* Arrays.swift in Sources */,
				69203D032B8D1FBF00D20E55 /* LinkedListView.swift in Sources */,
				69203D072B8D220E00D20E55 /* QueueView.swift in Sources */,
				69DF28B22B557C280022B890 /* Persistence.swift in Sources */,
				69203D0B2B8D228900D20E55 /* ArrayViews.swift in Sources */,
				69DF28B52B557C280022B890 /* DataStructures.xcdatamodeld in Sources */,
				69203D092B8D221D00D20E55 /* SortView.swift in Sources */,
				69203D052B8D202900D20E55 /* SearchView.swift in Sources */,
				69106B272B8CD79700C8D964 /* LinkedLists.swift in Sources */,
				69DF28AB2B557C270022B890 /* ContentView.swift in Sources */,
				69DF28A92B557C270022B890 /* DataStructuresApp.swift in Sources */,
				69106B212B8CD4AC00C8D964 /* SortingAlgo.swift in Sources */,
			);
			runOnlyForDeploymentPostprocessing = 0;
		};
/* End PBXSourcesBuildPhase section */

/* Begin XCBuildConfiguration section */
		69DF28B62B557C280022B890 /* Debug */ = {
			isa = XCBuildConfiguration;
			buildSettings = {
				ALWAYS_SEARCH_USER_PATHS = NO;
				CLANG_ANALYZER_NONNULL = YES;
				CLANG_ANALYZER_NUMBER_OBJECT_CONVERSION = YES_AGGRESSIVE;
				CLANG_CXX_LANGUAGE_STANDARD = "gnu++20";
				CLANG_ENABLE_MODULES = YES;
				CLANG_ENABLE_OBJC_ARC = YES;
				CLANG_ENABLE_OBJC_WEAK = YES;
				CLANG_WARN_BLOCK_CAPTURE_AUTORELEASING = YES;
				CLANG_WARN_BOOL_CONVERSION = YES;
				CLANG_WARN_COMMA = YES;
				CLANG_WARN_CONSTANT_CONVERSION = YES;
				CLANG_WARN_DEPRECATED_OBJC_IMPLEMENTATIONS = YES;
				CLANG_WARN_DIRECT_OBJC_ISA_USAGE = YES_ERROR;
				CLANG_WARN_DOCUMENTATION_COMMENTS = YES;
				CLANG_WARN_EMPTY_BODY = YES;
				CLANG_WARN_ENUM_CONVERSION = YES;
				CLANG_WARN_INFINITE_RECURSION = YES;
				CLANG_WARN_INT_CONVERSION = YES;
				CLANG_WARN_NON_LITERAL_NULL_CONVERSION = YES;
				CLANG_WARN_OBJC_IMPLICIT_RETAIN_SELF = YES;
				CLANG_WARN_OBJC_LITERAL_CONVERSION = YES;
				CLANG_WARN_OBJC_ROOT_CLASS = YES_ERROR;
				CLANG_WARN_QUOTED_INCLUDE_IN_FRAMEWORK_HEADER = YES;
				CLANG_WARN_RANGE_LOOP_ANALYSIS = YES;
				CLANG_WARN_STRICT_PROTOTYPES = YES;
				CLANG_WARN_SUSPICIOUS_MOVE = YES;
				CLANG_WARN_UNGUARDED_AVAILABILITY = YES_AGGRESSIVE;
				CLANG_WARN_UNREACHABLE_CODE = YES;
				CLANG_WARN__DUPLICATE_METHOD_MATCH = YES;
				COPY_PHASE_STRIP = NO;
				DEBUG_INFORMATION_FORMAT = dwarf;
				ENABLE_STRICT_OBJC_MSGSEND = YES;
				ENABLE_TESTABILITY = YES;
				GCC_C_LANGUAGE_STANDARD = gnu11;
				GCC_DYNAMIC_NO_PIC = NO;
				GCC_NO_COMMON_BLOCKS = YES;
				GCC_OPTIMIZATION_LEVEL = 0;
				GCC_PREPROCESSOR_DEFINITIONS = (
					"DEBUG=1",
					"$(inherited)",
				);
				GCC_WARN_64_TO_32_BIT_CONVERSION = YES;
				GCC_WARN_ABOUT_RETURN_TYPE = YES_ERROR;
				GCC_WARN_UNDECLARED_SELECTOR = YES;
				GCC_WARN_UNINITIALIZED_AUTOS = YES_AGGRESSIVE;
				GCC_WARN_UNUSED_FUNCTION = YES;
				GCC_WARN_UNUSED_VARIABLE = YES;
				IPHONEOS_DEPLOYMENT_TARGET = 16.2;
				MTL_ENABLE_DEBUG_INFO = INCLUDE_SOURCE;
				MTL_FAST_MATH = YES;
				ONLY_ACTIVE_ARCH = YES;
				SDKROOT = iphoneos;
				SWIFT_ACTIVE_COMPILATION_CONDITIONS = DEBUG;
				SWIFT_OPTIMIZATION_LEVEL = "-Onone";
			};
			name = Debug;
		};
		69DF28B72B557C280022B890 /* Release */ = {
			isa = XCBuildConfiguration;
			buildSettings = {
				ALWAYS_SEARCH_USER_PATHS = NO;
				CLANG_ANALYZER_NONNULL = YES;
				CLANG_ANALYZER_NUMBER_OBJECT_CONVERSION = YES_AGGRESSIVE;
				CLANG_CXX_LANGUAGE_STANDARD = "gnu++20";
				CLANG_ENABLE_MODULES = YES;
				CLANG_ENABLE_OBJC_ARC = YES;
				CLANG_ENABLE_OBJC_WEAK = YES;
				CLANG_WARN_BLOCK_CAPTURE_AUTORELEASING = YES;
				CLANG_WARN_BOOL_CONVERSION = YES;
				CLANG_WARN_COMMA = YES;
				CLANG_WARN_CONSTANT_CONVERSION = YES;
				CLANG_WARN_DEPRECATED_OBJC_IMPLEMENTATIONS = YES;
				CLANG_WARN_DIRECT_OBJC_ISA_USAGE = YES_ERROR;
				CLANG_WARN_DOCUMENTATION_COMMENTS = YES;
				CLANG_WARN_EMPTY_BODY = YES;
				CLANG_WARN_ENUM_CONVERSION = YES;
				CLANG_WARN_INFINITE_RECURSION = YES;
				CLANG_WARN_INT_CONVERSION = YES;
				CLANG_WARN_NON_LITERAL_NULL_CONVERSION = YES;
				CLANG_WARN_OBJC_IMPLICIT_RETAIN_SELF = YES;
				CLANG_WARN_OBJC_LITERAL_CONVERSION = YES;
				CLANG_WARN_OBJC_ROOT_CLASS = YES_ERROR;
				CLANG_WARN_QUOTED_INCLUDE_IN_FRAMEWORK_HEADER = YES;
				CLANG_WARN_RANGE_LOOP_ANALYSIS = YES;
				CLANG_WARN_STRICT_PROTOTYPES = YES;
				CLANG_WARN_SUSPICIOUS_MOVE = YES;
				CLANG_WARN_UNGUARDED_AVAILABILITY = YES_AGGRESSIVE;
				CLANG_WARN_UNREACHABLE_CODE = YES;
				CLANG_WARN__DUPLICATE_METHOD_MATCH = YES;
				COPY_PHASE_STRIP = NO;
				DEBUG_INFORMATION_FORMAT = "dwarf-with-dsym";
				ENABLE_NS_ASSERTIONS = NO;
				ENABLE_STRICT_OBJC_MSGSEND = YES;
				GCC_C_LANGUAGE_STANDARD = gnu11;
				GCC_NO_COMMON_BLOCKS = YES;
				GCC_WARN_64_TO_32_BIT_CONVERSION = YES;
				GCC_WARN_ABOUT_RETURN_TYPE = YES_ERROR;
				GCC_WARN_UNDECLARED_SELECTOR = YES;
				GCC_WARN_UNINITIALIZED_AUTOS = YES_AGGRESSIVE;
				GCC_WARN_UNUSED_FUNCTION = YES;
				GCC_WARN_UNUSED_VARIABLE = YES;
				IPHONEOS_DEPLOYMENT_TARGET = 16.2;
				MTL_ENABLE_DEBUG_INFO = NO;
				MTL_FAST_MATH = YES;
				SDKROOT = iphoneos;
				SWIFT_COMPILATION_MODE = wholemodule;
				SWIFT_OPTIMIZATION_LEVEL = "-O";
				VALIDATE_PRODUCT = YES;
			};
			name = Release;
		};
		69DF28B92B557C280022B890 /* Debug */ = {
			isa = XCBuildConfiguration;
			buildSettings = {
				ASSETCATALOG_COMPILER_APPICON_NAME = AppIcon;
				ASSETCATALOG_COMPILER_GLOBAL_ACCENT_COLOR_NAME = AccentColor;
				CODE_SIGN_STYLE = Automatic;
				CURRENT_PROJECT_VERSION = 1;
				DEVELOPMENT_ASSET_PATHS = "\"DataStructures/Preview Content\"";
				DEVELOPMENT_TEAM = G56QYJ7ZRJ;
				ENABLE_PREVIEWS = YES;
				GENERATE_INFOPLIST_FILE = YES;
				INFOPLIST_KEY_UIApplicationSceneManifest_Generation = YES;
				INFOPLIST_KEY_UIApplicationSupportsIndirectInputEvents = YES;
				INFOPLIST_KEY_UILaunchScreen_Generation = YES;
				INFOPLIST_KEY_UISupportedInterfaceOrientations_iPad = "UIInterfaceOrientationPortrait UIInterfaceOrientationPortraitUpsideDown UIInterfaceOrientationLandscapeLeft UIInterfaceOrientationLandscapeRight";
				INFOPLIST_KEY_UISupportedInterfaceOrientations_iPhone = "UIInterfaceOrientationPortrait UIInterfaceOrientationLandscapeLeft UIInterfaceOrientationLandscapeRight";
				LD_RUNPATH_SEARCH_PATHS = (
					"$(inherited)",
					"@executable_path/Frameworks",
				);
				MARKETING_VERSION = 1.0;
				PRODUCT_BUNDLE_IDENTIFIER = com.cumulations.DataStructures;
				PRODUCT_NAME = "$(TARGET_NAME)";
				SWIFT_EMIT_LOC_STRINGS = YES;
				SWIFT_VERSION = 5.0;
				TARGETED_DEVICE_FAMILY = "1,2";
			};
			name = Debug;
		};
		69DF28BA2B557C280022B890 /* Release */ = {
			isa = XCBuildConfiguration;
			buildSettings = {
				ASSETCATALOG_COMPILER_APPICON_NAME = AppIcon;
				ASSETCATALOG_COMPILER_GLOBAL_ACCENT_COLOR_NAME = AccentColor;
				CODE_SIGN_STYLE = Automatic;
				CURRENT_PROJECT_VERSION = 1;
				DEVELOPMENT_ASSET_PATHS = "\"DataStructures/Preview Content\"";
				DEVELOPMENT_TEAM = G56QYJ7ZRJ;
				ENABLE_PREVIEWS = YES;
				GENERATE_INFOPLIST_FILE = YES;
				INFOPLIST_KEY_UIApplicationSceneManifest_Generation = YES;
				INFOPLIST_KEY_UIApplicationSupportsIndirectInputEvents = YES;
				INFOPLIST_KEY_UILaunchScreen_Generation = YES;
				INFOPLIST_KEY_UISupportedInterfaceOrientations_iPad = "UIInterfaceOrientationPortrait UIInterfaceOrientationPortraitUpsideDown UIInterfaceOrientationLandscapeLeft UIInterfaceOrientationLandscapeRight";
				INFOPLIST_KEY_UISupportedInterfaceOrientations_iPhone = "UIInterfaceOrientationPortrait UIInterfaceOrientationLandscapeLeft UIInterfaceOrientationLandscapeRight";
				LD_RUNPATH_SEARCH_PATHS = (
					"$(inherited)",
					"@executable_path/Frameworks",
				);
				MARKETING_VERSION = 1.0;
				PRODUCT_BUNDLE_IDENTIFIER = com.cumulations.DataStructures;
				PRODUCT_NAME = "$(TARGET_NAME)";
				SWIFT_EMIT_LOC_STRINGS = YES;
				SWIFT_VERSION = 5.0;
				TARGETED_DEVICE_FAMILY = "1,2";
			};
			name = Release;
		};
/* End XCBuildConfiguration section */

/* Begin XCConfigurationList section */
		69DF28A02B557C260022B890 /* Build configuration list for PBXProject "DataStructures" */ = {
			isa = XCConfigurationList;
			buildConfigurations = (
				69DF28B62B557C280022B890 /* Debug */,
				69DF28B72B557C280022B890 /* Release */,
			);
			defaultConfigurationIsVisible = 0;
			defaultConfigurationName = Release;
		};
		69DF28B82B557C280022B890 /* Build configuration list for PBXNativeTarget "DataStructures" */ = {
			isa = XCConfigurationList;
			buildConfigurations = (
				69DF28B92B557C280022B890 /* Debug */,
				69DF28BA2B557C280022B890 /* Release */,
			);
			defaultConfigurationIsVisible = 0;
			defaultConfigurationName = Release;
		};
/* End XCConfigurationList section */

/* Begin XCVersionGroup section */
		69DF28B32B557C280022B890 /* DataStructures.xcdatamodeld */ = {
			isa = XCVersionGroup;
			children = (
				69DF28B42B557C280022B890 /* DataStructures.xcdatamodel */,
			);
			currentVersion = 69DF28B42B557C280022B890 /* DataStructures.xcdatamodel */;
			path = DataStructures.xcdatamodeld;
			sourceTree = "<group>";
			versionGroupType = wrapper.xcdatamodel;
		};
/* End XCVersionGroup section */
	};
	rootObject = 69DF289D2B557C260022B890 /* Project object */;
}
